{
    "_readme": [
        "This file locks the dependencies of your project to a known state",
        "Read more about it at https://getcomposer.org/doc/01-basic-usage.md#installing-dependencies",
        "This file is @generated automatically"
    ],
    "content-hash": "01eb447f1bafd013173a2b4a6185cd40",
    "packages": [
        {
            "name": "zenstruck/bytes",
            "version": "v1.0.0",
            "source": {
                "type": "git",
                "url": "https://github.com/zenstruck/bytes.git",
                "reference": "e39fa60a6204576dbc62304bbab2ac395ff7610f"
            },
            "dist": {
                "type": "zip",
                "url": "https://api.github.com/repos/zenstruck/bytes/zipball/e39fa60a6204576dbc62304bbab2ac395ff7610f",
                "reference": "e39fa60a6204576dbc62304bbab2ac395ff7610f",
                "shasum": ""
            },
            "require": {
                "php": ">=8.0"
            },
            "require-dev": {
                "phpstan/phpstan": "^1.4",
                "phpunit/phpunit": "^9.5.0",
                "symfony/phpunit-bridge": "^6.3",
                "symfony/var-dumper": "^5.4|^6.0"
            },
            "type": "library",
            "autoload": {
                "psr-4": {
                    "Zenstruck\\": [
                        "src/"
                    ]
                }
            },
            "notification-url": "https://packagist.org/downloads/",
            "license": [
                "MIT"
            ],
            "authors": [
                {
                    "name": "Kevin Bond",
                    "email": "kevinbond@gmail.com"
                }
            ],
            "description": "Parse, manipulate, humanize, and format bytes.",
            "homepage": "https://github.com/zenstruck/bytes",
            "keywords": [
                "information",
                "unit"
            ],
            "support": {
                "issues": "https://github.com/zenstruck/bytes/issues",
                "source": "https://github.com/zenstruck/bytes/tree/v1.0.0"
            },
            "funding": [
                {
                    "url": "https://github.com/kbond",
                    "type": "github"
                }
            ],
            "time": "2023-07-26T15:23:27+00:00"
        }
    ],
    "packages-dev": [],
    "aliases": [],
    "minimum-stability": "stable",
    "stability-flags": [],
    "prefer-stable": false,
    "prefer-lowest": false,
    "platform": [],
    "platform-dev": [],
    "plugin-api-version": "2.6.0"
}
